
Microsoft Visual Studio Solution File, Format Version 12.00
# Visual Studio Version 17
VisualStudioVersion = 17.13.35806.99 d17.13
MinimumVisualStudioVersion = 10.0.40219.1
Project("{FAE04EC0-301F-11D3-BF4B-00C04F79EFBC}") = "Business", "Business\Business.csproj", "{30E91F4E-66AE-458D-AD0A-70E81CF615D1}"
EndProject
Project("{FAE04EC0-301F-11D3-BF4B-00C04F79EFBC}") = "Core", "Core\Core.csproj", "{3696C7FF-407A-4B0B-8FC1-E971924315FA}"
EndProject
Project("{FAE04EC0-301F-11D3-BF4B-00C04F79EFBC}") = "DataAccess", "DataAccess\DataAccess.csproj", "{417723A8-4059-4B40-B55C-B9FD6EF70647}"
EndProject
Project("{FAE04EC0-301F-11D3-BF4B-00C04F79EFBC}") = "Entities", "Entities\Entities.csproj", "{8833A912-3644-4ACC-874F-E551E2E5788E}"
EndProject
Project("{FAE04EC0-301F-11D3-BF4B-00C04F79EFBC}") = "WebApi", "WebApi\WebApi.csproj", "{0516DB80-4AE1-4CA0-9AF4-5CB7A9C1D38F}"
EndProject
Global
	GlobalSection(SolutionConfigurationPlatforms) = preSolution
		Debug|Any CPU = Debug|Any CPU
		Release|Any CPU = Release|Any CPU
	EndGlobalSection
	GlobalSection(ProjectConfigurationPlatforms) = postSolution
		{30E91F4E-66AE-458D-AD0A-70E81CF615D1}.Debug|Any CPU.ActiveCfg = Debug|Any CPU
		{30E91F4E-66AE-458D-AD0A-70E81CF615D1}.Debug|Any CPU.Build.0 = Debug|Any CPU
		{30E91F4E-66AE-458D-AD0A-70E81CF615D1}.Release|Any CPU.ActiveCfg = Release|Any CPU
		{30E91F4E-66AE-458D-AD0A-70E81CF615D1}.Release|Any CPU.Build.0 = Release|Any CPU
		{3696C7FF-407A-4B0B-8FC1-E971924315FA}.Debug|Any CPU.ActiveCfg = Debug|Any CPU
		{3696C7FF-407A-4B0B-8FC1-E971924315FA}.Debug|Any CPU.Build.0 = Debug|Any CPU
		{3696C7FF-407A-4B0B-8FC1-E971924315FA}.Release|Any CPU.ActiveCfg = Release|Any CPU
		{3696C7FF-407A-4B0B-8FC1-E971924315FA}.Release|Any CPU.Build.0 = Release|Any CPU
		{417723A8-4059-4B40-B55C-B9FD6EF70647}.Debug|Any CPU.ActiveCfg = Debug|Any CPU
		{417723A8-4059-4B40-B55C-B9FD6EF70647}.Debug|Any CPU.Build.0 = Debug|Any CPU
		{417723A8-4059-4B40-B55C-B9FD6EF70647}.Release|Any CPU.ActiveCfg = Release|Any CPU
		{417723A8-4059-4B40-B55C-B9FD6EF70647}.Release|Any CPU.Build.0 = Release|Any CPU
		{8833A912-3644-4ACC-874F-E551E2E5788E}.Debug|Any CPU.ActiveCfg = Debug|Any CPU
		{8833A912-3644-4ACC-874F-E551E2E5788E}.Debug|Any CPU.Build.0 = Debug|Any CPU
		{8833A912-3644-4ACC-874F-E551E2E5788E}.Release|Any CPU.ActiveCfg = Release|Any CPU
		{8833A912-3644-4ACC-874F-E551E2E5788E}.Release|Any CPU.Build.0 = Release|Any CPU
		{0516DB80-4AE1-4CA0-9AF4-5CB7A9C1D38F}.Debug|Any CPU.ActiveCfg = Debug|Any CPU
		{0516DB80-4AE1-4CA0-9AF4-5CB7A9C1D38F}.Debug|Any CPU.Build.0 = Debug|Any CPU
		{0516DB80-4AE1-4CA0-9AF4-5CB7A9C1D38F}.Release|Any CPU.ActiveCfg = Release|Any CPU
		{0516DB80-4AE1-4CA0-9AF4-5CB7A9C1D38F}.Release|Any CPU.Build.0 = Release|Any CPU
	EndGlobalSection
	GlobalSection(SolutionProperties) = preSolution
		HideSolutionNode = FALSE
	EndGlobalSection
	GlobalSection(ExtensibilityGlobals) = postSolution
		SolutionGuid = {B5F66601-541F-4753-8192-348FCFF30138}
	EndGlobalSection
EndGlobal
